{"1.2.0",
[{<<"elvis_core">>,{pkg,<<"elvis_core">>,<<"1.1.2">>},0},
 {<<"getopt">>,{pkg,<<"getopt">>,<<"1.0.1">>},1},
 {<<"katana_code">>,{pkg,<<"katana_code">>,<<"1.1.2">>},1},
 {<<"xref_runner">>,{pkg,<<"xref_runner">>,<<"1.2.0">>},0},
 {<<"zipper">>,{pkg,<<"zipper">>,<<"1.0.1">>},1}]}.
[
{pkg_hash,[
 {<<"elvis_core">>, <<"7CE6D2ECC91D768F8A36E2AEB30FD4901322F2E73C3D47113CEB9C7931ADF05A">>},
 {<<"getopt">>, <<"C73A9FA687B217F2FF79F68A3B637711BB1936E712B521D8CE466B29CBF7808A">>},
 {<<"katana_code">>, <<"4336743263236C3213FF1B979ECAE263940B9084ACE90E9434838F3F98CCA578">>},
 {<<"xref_runner">>, <<"8D128AC290015BA481947028260216F8906491F3D17E76E294120F5C6E372F81">>},
 {<<"zipper">>, <<"3CCB4F14B97C06B2749B93D8B6C204A1ECB6FAFC6050CACC3B93B9870C05952A">>}]},
{pkg_hash_ext,[
 {<<"elvis_core">>, <<"C4EE42A7A7C2FC567F3EA6B5150164CD68290F1100E9B19A4CF886D8AA1CA73C">>},
 {<<"getopt">>, <<"53E1AB83B9CEB65C9672D3E7A35B8092E9BDC9B3EE80721471A161C10C59959C">>},
 {<<"katana_code">>, <<"E7E6162A44E826A03F68B503B7D92981B894BF834C1EF0E647783F7D6688021C">>},
 {<<"xref_runner">>, <<"22D4BB466B1BF8B206F03D1F43F01233B547F8B81351F29AF2C6D668E0734FFC">>},
 {<<"zipper">>, <<"6A1FD3E1F0CC1D1DF5642C9A0CE2178036411B0A5C9642851D1DA276BD737C2D">>}]}
].
